
Microsoft Visual Studio Solution File, Format Version 12.00
# Visual Studio Version 17
VisualStudioVersion = 17.7.34031.279
MinimumVisualStudioVersion = 10.0.40219.1
Project("{FAE04EC0-301F-11D3-BF4B-00C04F79EFBC}") = "bloggie.web", "bloggie.web\bloggie.web.csproj", "{46FE555C-02AA-475C-8D96-557888162573}"
EndProject
Global
	GlobalSection(SolutionConfigurationPlatforms) = preSolution
		Debug|Any CPU = Debug|Any CPU
		Release|Any CPU = Release|Any CPU
	EndGlobalSection
	GlobalSection(ProjectConfigurationPlatforms) = postSolution
		{46FE555C-02AA-475C-8D96-557888162573}.Debug|Any CPU.ActiveCfg = Debug|Any CPU
		{46FE555C-02AA-475C-8D96-557888162573}.Debug|Any CPU.Build.0 = Debug|Any CPU
		{46FE555C-02AA-475C-8D96-557888162573}.Release|Any CPU.ActiveCfg = Release|Any CPU
		{46FE555C-02AA-475C-8D96-557888162573}.Release|Any CPU.Build.0 = Release|Any CPU
	EndGlobalSection
	GlobalSection(SolutionProperties) = preSolution
		HideSolutionNode = FALSE
	EndGlobalSection
	GlobalSection(ExtensibilityGlobals) = postSolution
		SolutionGuid = {C114873D-7A65-4BE3-9867-DA2A9716444C}
	EndGlobalSection
EndGlobal
